
Microsoft Visual Studio Solution File, Format Version 12.00
# Visual Studio Version 17
VisualStudioVersion = 17.0.31903.59
MinimumVisualStudioVersion = 10.0.40219.1
Project("{FAE04EC0-301F-11D3-BF4B-00C04F79EFBC}") = "LcTracker.Core", "src\LcTracker.Core\LcTracker.Core.csproj", "{4B2D15AF-A1C8-4148-878B-CE80BF370971}"
EndProject
Project("{2150E333-8FDC-42A3-9474-1A3956D46DE8}") = "Solution Items", "Solution Items", "{045EC3F3-CCF7-4883-96EF-1A2E269CBF4F}"
	ProjectSection(SolutionItems) = preProject
		.gitignore = .gitignore
		.editorconfig = .editorconfig
	EndProjectSection
EndProject
Project("{FAE04EC0-301F-11D3-BF4B-00C04F79EFBC}") = "LcTracker.BlazorUi", "src\LcTracker.BlazorUi\LcTracker.BlazorUi.csproj", "{D45FC7AE-07ED-468F-8A1F-90AC9AB77797}"
EndProject
Global
	GlobalSection(SolutionConfigurationPlatforms) = preSolution
		Debug|Any CPU = Debug|Any CPU
		Release|Any CPU = Release|Any CPU
	EndGlobalSection
	GlobalSection(SolutionProperties) = preSolution
		HideSolutionNode = FALSE
	EndGlobalSection
	GlobalSection(ProjectConfigurationPlatforms) = postSolution
		{4B2D15AF-A1C8-4148-878B-CE80BF370971}.Debug|Any CPU.ActiveCfg = Debug|Any CPU
		{4B2D15AF-A1C8-4148-878B-CE80BF370971}.Debug|Any CPU.Build.0 = Debug|Any CPU
		{4B2D15AF-A1C8-4148-878B-CE80BF370971}.Release|Any CPU.ActiveCfg = Release|Any CPU
		{4B2D15AF-A1C8-4148-878B-CE80BF370971}.Release|Any CPU.Build.0 = Release|Any CPU
		{D45FC7AE-07ED-468F-8A1F-90AC9AB77797}.Debug|Any CPU.ActiveCfg = Debug|Any CPU
		{D45FC7AE-07ED-468F-8A1F-90AC9AB77797}.Debug|Any CPU.Build.0 = Debug|Any CPU
		{D45FC7AE-07ED-468F-8A1F-90AC9AB77797}.Release|Any CPU.ActiveCfg = Release|Any CPU
		{D45FC7AE-07ED-468F-8A1F-90AC9AB77797}.Release|Any CPU.Build.0 = Release|Any CPU
	EndGlobalSection
EndGlobal
