
Microsoft Visual Studio Solution File, Format Version 12.00
# Visual Studio Version 17
VisualStudioVersion = 17.0.31903.59
MinimumVisualStudioVersion = 10.0.40219.1
Project("{FAE04EC0-301F-11D3-BF4B-00C04F79EFBC}") = "LcTracker.Core", "src\LcTracker.Core\LcTracker.Core.csproj", "{4B2D15AF-A1C8-4148-878B-CE80BF370971}"
EndProject
Project("{2150E333-8FDC-42A3-9474-1A3956D46DE8}") = "Solution Items", "Solution Items", "{045EC3F3-CCF7-4883-96EF-1A2E269CBF4F}"
	ProjectSection(SolutionItems) = preProject
		.gitignore = .gitignore
		.editorconfig = .editorconfig
		Directory.Packages.props = Directory.Packages.props
		tests\xunit.runner.json = tests\xunit.runner.json
		..\.github\workflows\ci-backend.yml = ..\.github\workflows\ci-backend.yml
	EndProjectSection
EndProject
Project("{FAE04EC0-301F-11D3-BF4B-00C04F79EFBC}") = "LcTracker.Shared", "src\LcTracker.Shared\LcTracker.Shared.csproj", "{E34D3463-DE2F-4ACF-BAD1-85D60DE2F90A}"
EndProject
Project("{FAE04EC0-301F-11D3-BF4B-00C04F79EFBC}") = "LcTracker.Api", "src\LcTracker.Api\LcTracker.Api.csproj", "{C61EC02B-6A9E-4AF2-8126-67D027D80614}"
EndProject
Project("{2150E333-8FDC-42A3-9474-1A3956D46DE8}") = "tests", "tests", "{7B6B28DC-DEBA-4ABC-B1C5-840443DF76F1}"
EndProject
Project("{FAE04EC0-301F-11D3-BF4B-00C04F79EFBC}") = "LcTracker.UnitTests", "tests\LcTracker.UnitTests\LcTracker.UnitTests.csproj", "{F33A3BF9-A014-482D-B4CF-E670BB35CEC5}"
EndProject
Project("{FAE04EC0-301F-11D3-BF4B-00C04F79EFBC}") = "LcTracker.Api.FunctionalTests", "tests\LcTracker.Api.FunctionalTests\LcTracker.Api.FunctionalTests.csproj", "{EA1AAFCF-02C8-4B5B-8860-D33A4C3047FA}"
EndProject
Project("{2150E333-8FDC-42A3-9474-1A3956D46DE8}") = "src", "src", "{075524D8-1969-4D8B-8F7D-A7285639A45D}"
EndProject
Project("{2150E333-8FDC-42A3-9474-1A3956D46DE8}") = "docker", "docker", "{9E08672E-43A6-48AC-8253-67B1E338CA0A}"
	ProjectSection(SolutionItems) = preProject
		..\.dockerignore = ..\.dockerignore
		..\compose.dev.yml = ..\compose.dev.yml
		..\compose.yml = ..\compose.yml
		Dockerfile = Dockerfile
	EndProjectSection
EndProject
Global
	GlobalSection(SolutionConfigurationPlatforms) = preSolution
		Debug|Any CPU = Debug|Any CPU
		Release|Any CPU = Release|Any CPU
	EndGlobalSection
	GlobalSection(SolutionProperties) = preSolution
		HideSolutionNode = FALSE
	EndGlobalSection
	GlobalSection(ProjectConfigurationPlatforms) = postSolution
		{4B2D15AF-A1C8-4148-878B-CE80BF370971}.Debug|Any CPU.ActiveCfg = Debug|Any CPU
		{4B2D15AF-A1C8-4148-878B-CE80BF370971}.Debug|Any CPU.Build.0 = Debug|Any CPU
		{4B2D15AF-A1C8-4148-878B-CE80BF370971}.Release|Any CPU.ActiveCfg = Release|Any CPU
		{4B2D15AF-A1C8-4148-878B-CE80BF370971}.Release|Any CPU.Build.0 = Release|Any CPU
		{E34D3463-DE2F-4ACF-BAD1-85D60DE2F90A}.Debug|Any CPU.ActiveCfg = Debug|Any CPU
		{E34D3463-DE2F-4ACF-BAD1-85D60DE2F90A}.Debug|Any CPU.Build.0 = Debug|Any CPU
		{E34D3463-DE2F-4ACF-BAD1-85D60DE2F90A}.Release|Any CPU.ActiveCfg = Release|Any CPU
		{E34D3463-DE2F-4ACF-BAD1-85D60DE2F90A}.Release|Any CPU.Build.0 = Release|Any CPU
		{C61EC02B-6A9E-4AF2-8126-67D027D80614}.Debug|Any CPU.ActiveCfg = Debug|Any CPU
		{C61EC02B-6A9E-4AF2-8126-67D027D80614}.Debug|Any CPU.Build.0 = Debug|Any CPU
		{C61EC02B-6A9E-4AF2-8126-67D027D80614}.Release|Any CPU.ActiveCfg = Release|Any CPU
		{C61EC02B-6A9E-4AF2-8126-67D027D80614}.Release|Any CPU.Build.0 = Release|Any CPU
		{F33A3BF9-A014-482D-B4CF-E670BB35CEC5}.Debug|Any CPU.ActiveCfg = Debug|Any CPU
		{F33A3BF9-A014-482D-B4CF-E670BB35CEC5}.Debug|Any CPU.Build.0 = Debug|Any CPU
		{F33A3BF9-A014-482D-B4CF-E670BB35CEC5}.Release|Any CPU.ActiveCfg = Release|Any CPU
		{F33A3BF9-A014-482D-B4CF-E670BB35CEC5}.Release|Any CPU.Build.0 = Release|Any CPU
		{EA1AAFCF-02C8-4B5B-8860-D33A4C3047FA}.Debug|Any CPU.ActiveCfg = Debug|Any CPU
		{EA1AAFCF-02C8-4B5B-8860-D33A4C3047FA}.Debug|Any CPU.Build.0 = Debug|Any CPU
		{EA1AAFCF-02C8-4B5B-8860-D33A4C3047FA}.Release|Any CPU.ActiveCfg = Release|Any CPU
		{EA1AAFCF-02C8-4B5B-8860-D33A4C3047FA}.Release|Any CPU.Build.0 = Release|Any CPU
	EndGlobalSection
	GlobalSection(NestedProjects) = preSolution
		{F33A3BF9-A014-482D-B4CF-E670BB35CEC5} = {7B6B28DC-DEBA-4ABC-B1C5-840443DF76F1}
		{EA1AAFCF-02C8-4B5B-8860-D33A4C3047FA} = {7B6B28DC-DEBA-4ABC-B1C5-840443DF76F1}
		{C61EC02B-6A9E-4AF2-8126-67D027D80614} = {075524D8-1969-4D8B-8F7D-A7285639A45D}
		{4B2D15AF-A1C8-4148-878B-CE80BF370971} = {075524D8-1969-4D8B-8F7D-A7285639A45D}
		{E34D3463-DE2F-4ACF-BAD1-85D60DE2F90A} = {075524D8-1969-4D8B-8F7D-A7285639A45D}
		{9E08672E-43A6-48AC-8253-67B1E338CA0A} = {045EC3F3-CCF7-4883-96EF-1A2E269CBF4F}
	EndGlobalSection
EndGlobal
